
Microsoft Visual Studio Solution File, Format Version 12.00
# Visual Studio Version 16
VisualStudioVersion = 16.0.30611.23
MinimumVisualStudioVersion = 10.0.40219.1
Project("{9A19103F-16F7-4668-BE54-9A1E7A4F7556}") = "TravelTeam.Web", "TravelTeam.Web\TravelTeam.Web.csproj", "{22F548DE-3F68-45CB-9D37-83E1413CEACF}"
EndProject
Project("{FAE04EC0-301F-11D3-BF4B-00C04F79EFBC}") = "TravelTeam.Domain", "TravelTeam.Domain\TravelTeam.Domain.csproj", "{3E4317A5-55E9-4B1E-BDEC-BCABC91D5895}"
EndProject
Global
	GlobalSection(SolutionConfigurationPlatforms) = preSolution
		Debug|Any CPU = Debug|Any CPU
		Release|Any CPU = Release|Any CPU
	EndGlobalSection
	GlobalSection(ProjectConfigurationPlatforms) = postSolution
		{22F548DE-3F68-45CB-9D37-83E1413CEACF}.Debug|Any CPU.ActiveCfg = Debug|Any CPU
		{22F548DE-3F68-45CB-9D37-83E1413CEACF}.Debug|Any CPU.Build.0 = Debug|Any CPU
		{22F548DE-3F68-45CB-9D37-83E1413CEACF}.Release|Any CPU.ActiveCfg = Release|Any CPU
		{22F548DE-3F68-45CB-9D37-83E1413CEACF}.Release|Any CPU.Build.0 = Release|Any CPU
		{3E4317A5-55E9-4B1E-BDEC-BCABC91D5895}.Debug|Any CPU.ActiveCfg = Debug|Any CPU
		{3E4317A5-55E9-4B1E-BDEC-BCABC91D5895}.Debug|Any CPU.Build.0 = Debug|Any CPU
		{3E4317A5-55E9-4B1E-BDEC-BCABC91D5895}.Release|Any CPU.ActiveCfg = Release|Any CPU
		{3E4317A5-55E9-4B1E-BDEC-BCABC91D5895}.Release|Any CPU.Build.0 = Release|Any CPU
	EndGlobalSection
	GlobalSection(SolutionProperties) = preSolution
		HideSolutionNode = FALSE
	EndGlobalSection
	GlobalSection(ExtensibilityGlobals) = postSolution
		SolutionGuid = {CFDE2510-92C0-4439-A412-05F8111B7865}
	EndGlobalSection
EndGlobal
